
Microsoft Visual Studio Solution File, Format Version 12.00
Project("{FAE04EC0-301F-11D3-BF4B-00C04F79EFBC}") = "Bot", "src\Vanslate.csproj", "{FE23A8DD-0A93-4701-BCA3-B1133E6FD05A}"
EndProject
Global
	GlobalSection(SolutionConfigurationPlatforms) = preSolution
		Debug|Any CPU = Debug|Any CPU
		Release|Any CPU = Release|Any CPU
	EndGlobalSection
	GlobalSection(ProjectConfigurationPlatforms) = postSolution
		{FE23A8DD-0A93-4701-BCA3-B1133E6FD05A}.Debug|Any CPU.ActiveCfg = Debug|Any CPU
		{FE23A8DD-0A93-4701-BCA3-B1133E6FD05A}.Debug|Any CPU.Build.0 = Debug|Any CPU
		{FE23A8DD-0A93-4701-BCA3-B1133E6FD05A}.Release|Any CPU.ActiveCfg = Release|Any CPU
		{FE23A8DD-0A93-4701-BCA3-B1133E6FD05A}.Release|Any CPU.Build.0 = Release|Any CPU
	EndGlobalSection
EndGlobal
